// !$*UTF8*$!
{
	archiveVersion = 1;
	classes = {
	};
	objectVersion = 77;
	objects = {

/* Begin PBXContainerItemProxy section */
		43CD2A352F702B1F00072E5B /* PBXContainerItemProxy */ = {
			isa = PBXContainerItemProxy;
			containerPortal = 43CD2A1F2F702B1D00072E5B /* Project object */;
			proxyType = 1;
			remoteGlobalIDString = 43CD2A262F702B1D00072E5B;
			remoteInfo = "WordScramble(part_two)";
		};
		43CD2A3F2F702B1F00072E5B /* PBXContainerItemProxy */ = {
			isa = PBXContainerItemProxy;
			containerPortal = 43CD2A1F2F702B1D00072E5B /* Project object */;
			proxyType = 1;
			remoteGlobalIDString = 43CD2A262F702B1D00072E5B;
			remoteInfo = "WordScramble(part_two)";
		};
/* End PBXContainerItemProxy section */

/* Begin PBXFileReference section */
		43CD2A272F702B1D00072E5B /* WordScramble(part_two).app */ = {isa = PBXFileReference; explicitFileType = wrapper.application; includeInIndex = 0; path = "WordScramble(part_two).app"; sourceTree = BUILT_PRODUCTS_DIR; };
		43CD2A342F702B1F00072E5B /* WordScramble(part_two)Tests.xctest */ = {isa = PBXFileReference; explicitFileType = wrapper.cfbundle; includeInIndex = 0; path = "WordScramble(part_two)Tests.xctest"; sourceTree = BUILT_PRODUCTS_DIR; };
		43CD2A3E2F702B1F00072E5B /* WordScramble(part_two)UITests.xctest */ = {isa = PBXFileReference; explicitFileType = wrapper.cfbundle; includeInIndex = 0; path = "WordScramble(part_two)UITests.xctest"; sourceTree = BUILT_PRODUCTS_DIR; };
/* End PBXFileReference section */

/* Begin PBXFileSystemSynchronizedRootGroup section */
		43CD2A292F702B1D00072E5B /* WordScramble(part_two) */ = {
			isa = PBXFileSystemSynchronizedRootGroup;
			path = "WordScramble(part_two)";
			sourceTree = "<group>";
		};
/* End PBXFileSystemSynchronizedRootGroup section */

/* Begin PBXFrameworksBuildPhase section */
		43CD2A242F702B1D00072E5B /* Frameworks */ = {
			isa = PBXFrameworksBuildPhase;
			buildActionMask = 2147483647;
			files = (
			);
			runOnlyForDeploymentPostprocessing = 0;
		};
		43CD2A312F702B1F00072E5B /* Frameworks */ = {
			isa = PBXFrameworksBuildPhase;
			buildActionMask = 2147483647;
			files = (
			);
			runOnlyForDeploymentPostprocessing = 0;
		};
		43CD2A3B2F702B1F00072E5B /* Frameworks */ = {
			isa = PBXFrameworksBuildPhase;
			buildActionMask = 2147483647;
			files = (
			);
			runOnlyForDeploymentPostprocessing = 0;
		};
/* End PBXFrameworksBuildPhase section */

/* Begin PBXGroup section */
		43CD2A1E2F702B1D00072E5B = {
			isa = PBXGroup;
			children = (
				43CD2A292F702B1D00072E5B /* WordScramble(part_two) */,
				43CD2A282F702B1D00072E5B /* Products */,
			);
			sourceTree = "<group>";
		};
		43CD2A282F702B1D00072E5B /* Products */ = {
			isa = PBXGroup;
			children = (
				43CD2A272F702B1D00072E5B /* WordScramble(part_two).app */,
				43CD2A342F702B1F00072E5B /* WordScramble(part_two)Tests.xctest */,
				43CD2A3E2F702B1F00072E5B /* WordScramble(part_two)UITests.xctest */,
			);
			name = Products;
			sourceTree = "<group>";
		};
/* End PBXGroup section */

/* Begin PBXNativeTarget section */
		43CD2A262F702B1D00072E5B /* WordScramble(part_two) */ = {
			isa = PBXNativeTarget;
			buildConfigurationList = 43CD2A482F702B1F00072E5B /* Build configuration list for PBXNativeTarget "WordScramble(part_two)" */;
			buildPhases = (
				43CD2A232F702B1D00072E5B /* Sources */,
				43CD2A242F702B1D00072E5B /* Frameworks */,
				43CD2A252F702B1D00072E5B /* Resources */,
			);
			buildRules = (
			);
			dependencies = (
			);
			fileSystemSynchronizedGroups = (
				43CD2A292F702B1D00072E5B /* WordScramble(part_two) */,
			);
			name = "WordScramble(part_two)";
			packageProductDependencies = (
			);
			productName = "WordScramble(part_two)";
			productReference = 43CD2A272F702B1D00072E5B /* WordScramble(part_two).app */;
			productType = "com.apple.product-type.application";
		};
		43CD2A332F702B1F00072E5B /* WordScramble(part_two)Tests */ = {
			isa = PBXNativeTarget;
			buildConfigurationList = 43CD2A4B2F702B1F00072E5B /* Build configuration list for PBXNativeTarget "WordScramble(part_two)Tests" */;
			buildPhases = (
				43CD2A302F702B1F00072E5B /* Sources */,
				43CD2A312F702B1F00072E5B /* Frameworks */,
				43CD2A322F702B1F00072E5B /* Resources */,
			);
			buildRules = (
			);
			dependencies = (
				43CD2A362F702B1F00072E5B /* PBXTargetDependency */,
			);
			name = "WordScramble(part_two)Tests";
			packageProductDependencies = (
			);
			productName = "WordScramble(part_two)Tests";
			productReference = 43CD2A342F702B1F00072E5B /* WordScramble(part_two)Tests.xctest */;
			productType = "com.apple.product-type.bundle.unit-test";
		};
		43CD2A3D2F702B1F00072E5B /* WordScramble(part_two)UITests */ = {
			isa = PBXNativeTarget;
			buildConfigurationList = 43CD2A4E2F702B1F00072E5B /* Build configuration list for PBXNativeTarget "WordScramble(part_two)UITests" */;
			buildPhases = (
				43CD2A3A2F702B1F00072E5B /* Sources */,
				43CD2A3B2F702B1F00072E5B /* Frameworks */,
				43CD2A3C2F702B1F00072E5B /* Resources */,
			);
			buildRules = (
			);
			dependencies = (
				43CD2A402F702B1F00072E5B /* PBXTargetDependency */,
			);
			name = "WordScramble(part_two)UITests";
			packageProductDependencies = (
			);
			productName = "WordScramble(part_two)UITests";
			productReference = 43CD2A3E2F702B1F00072E5B /* WordScramble(part_two)UITests.xctest */;
			productType = "com.apple.product-type.bundle.ui-testing";
		};
/* End PBXNativeTarget section */

/* Begin PBXProject section */
		43CD2A1F2F702B1D00072E5B /* Project object */ = {
			isa = PBXProject;
			attributes = {
				BuildIndependentTargetsInParallel = 1;
				LastSwiftUpdateCheck = 1640;
				LastUpgradeCheck = 1640;
				TargetAttributes = {
					43CD2A262F702B1D00072E5B = {
						CreatedOnToolsVersion = 16.4;
					};
					43CD2A332F702B1F00072E5B = {
						CreatedOnToolsVersion = 16.4;
						TestTargetID = 43CD2A262F702B1D00072E5B;
					};
					43CD2A3D2F702B1F00072E5B = {
						CreatedOnToolsVersion = 16.4;
						TestTargetID = 43CD2A262F702B1D00072E5B;
					};
				};
			};
			buildConfigurationList = 43CD2A222F702B1D00072E5B /* Build configuration list for PBXProject "WordScramble(part_two)" */;
			developmentRegion = en;
			hasScannedForEncodings = 0;
			knownRegions = (
				en,
				Base,
			);
			mainGroup = 43CD2A1E2F702B1D00072E5B;
			minimizedProjectReferenceProxies = 1;
			preferredProjectObjectVersion = 77;
			productRefGroup = 43CD2A282F702B1D00072E5B /* Products */;
			projectDirPath = "";
			projectRoot = "";
			targets = (
				43CD2A262F702B1D00072E5B /* WordScramble(part_two) */,
				43CD2A332F702B1F00072E5B /* WordScramble(part_two)Tests */,
				43CD2A3D2F702B1F00072E5B /* WordScramble(part_two)UITests */,
			);
		};
/* End PBXProject section */

/* Begin PBXResourcesBuildPhase section */
		43CD2A252F702B1D00072E5B /* Resources */ = {
			isa = PBXResourcesBuildPhase;
			buildActionMask = 2147483647;
			files = (
			);
			runOnlyForDeploymentPostprocessing = 0;
		};
		43CD2A322F702B1F00072E5B /* Resources */ = {
			isa = PBXResourcesBuildPhase;
			buildActionMask = 2147483647;
			files = (
			);
			runOnlyForDeploymentPostprocessing = 0;
		};
		43CD2A3C2F702B1F00072E5B /* Resources */ = {
			isa = PBXResourcesBuildPhase;
			buildActionMask = 2147483647;
			files = (
			);
			runOnlyForDeploymentPostprocessing = 0;
		};
/* End PBXResourcesBuildPhase section */

/* Begin PBXSourcesBuildPhase section */
		43CD2A232F702B1D00072E5B /* Sources */ = {
			isa = PBXSourcesBuildPhase;
			buildActionMask = 2147483647;
			files = (
			);
			runOnlyForDeploymentPostprocessing = 0;
		};
		43CD2A302F702B1F00072E5B /* Sources */ = {
			isa = PBXSourcesBuildPhase;
			buildActionMask = 2147483647;
			files = (
			);
			runOnlyForDeploymentPostprocessing = 0;
		};
		43CD2A3A2F702B1F00072E5B /* Sources */ = {
			isa = PBXSourcesBuildPhase;
			buildActionMask = 2147483647;
			files = (
			);
			runOnlyForDeploymentPostprocessing = 0;
		};
/* End PBXSourcesBuildPhase section */

/* Begin PBXTargetDependency section */
		43CD2A362F702B1F00072E5B /* PBXTargetDependency */ = {
			isa = PBXTargetDependency;
			target = 43CD2A262F702B1D00072E5B /* WordScramble(part_two) */;
			targetProxy = 43CD2A352F702B1F00072E5B /* PBXContainerItemProxy */;
		};
		43CD2A402F702B1F00072E5B /* PBXTargetDependency */ = {
			isa = PBXTargetDependency;
			target = 43CD2A262F702B1D00072E5B /* WordScramble(part_two) */;
			targetProxy = 43CD2A3F2F702B1F00072E5B /* PBXContainerItemProxy */;
		};
/* End PBXTargetDependency section */

/* Begin XCBuildConfiguration section */
		43CD2A462F702B1F00072E5B /* Debug */ = {
			isa = XCBuildConfiguration;
			buildSettings = {
				ALWAYS_SEARCH_USER_PATHS = NO;
				ASSETCATALOG_COMPILER_GENERATE_SWIFT_ASSET_SYMBOL_EXTENSIONS = YES;
				CLANG_ANALYZER_NONNULL = YES;
				CLANG_ANALYZER_NUMBER_OBJECT_CONVERSION = YES_AGGRESSIVE;
				CLANG_CXX_LANGUAGE_STANDARD = "gnu++20";
				CLANG_ENABLE_MODULES = YES;
				CLANG_ENABLE_OBJC_ARC = YES;
				CLANG_ENABLE_OBJC_WEAK = YES;
				CLANG_WARN_BLOCK_CAPTURE_AUTORELEASING = YES;
				CLANG_WARN_BOOL_CONVERSION = YES;
				CLANG_WARN_COMMA = YES;
				CLANG_WARN_CONSTANT_CONVERSION = YES;
				CLANG_WARN_DEPRECATED_OBJC_IMPLEMENTATIONS = YES;
				CLANG_WARN_DIRECT_OBJC_ISA_USAGE = YES_ERROR;
				CLANG_WARN_DOCUMENTATION_COMMENTS = YES;
				CLANG_WARN_EMPTY_BODY = YES;
				CLANG_WARN_ENUM_CONVERSION = YES;
				CLANG_WARN_INFINITE_RECURSION = YES;
				CLANG_WARN_INT_CONVERSION = YES;
				CLANG_WARN_NON_LITERAL_NULL_CONVERSION = YES;
				CLANG_WARN_OBJC_IMPLICIT_RETAIN_SELF = YES;
				CLANG_WARN_OBJC_LITERAL_CONVERSION = YES;
				CLANG_WARN_OBJC_ROOT_CLASS = YES_ERROR;
				CLANG_WARN_QUOTED_INCLUDE_IN_FRAMEWORK_HEADER = YES;
				CLANG_WARN_RANGE_LOOP_ANALYSIS = YES;
				CLANG_WARN_STRICT_PROTOTYPES = YES;
				CLANG_WARN_SUSPICIOUS_MOVE = YES;
				CLANG_WARN_UNGUARDED_AVAILABILITY = YES_AGGRESSIVE;
				CLANG_WARN_UNREACHABLE_CODE = YES;
				CLANG_WARN__DUPLICATE_METHOD_MATCH = YES;
				COPY_PHASE_STRIP = NO;
				DEBUG_INFORMATION_FORMAT = dwarf;
				ENABLE_STRICT_OBJC_MSGSEND = YES;
				ENABLE_TESTABILITY = YES;
				ENABLE_USER_SCRIPT_SANDBOXING = YES;
				GCC_C_LANGUAGE_STANDARD = gnu17;
				GCC_DYNAMIC_NO_PIC = NO;
				GCC_NO_COMMON_BLOCKS = YES;
				GCC_OPTIMIZATION_LEVEL = 0;
				GCC_PREPROCESSOR_DEFINITIONS = (
					"DEBUG=1",
					"$(inherited)",
				);
				GCC_WARN_64_TO_32_BIT_CONVERSION = YES;
				GCC_WARN_ABOUT_RETURN_TYPE = YES_ERROR;
				GCC_WARN_UNDECLARED_SELECTOR = YES;
				GCC_WARN_UNINITIALIZED_AUTOS = YES_AGGRESSIVE;
				GCC_WARN_UNUSED_FUNCTION = YES;
				GCC_WARN_UNUSED_VARIABLE = YES;
				IPHONEOS_DEPLOYMENT_TARGET = 18.5;
				LOCALIZATION_PREFERS_STRING_CATALOGS = YES;
				MTL_ENABLE_DEBUG_INFO = INCLUDE_SOURCE;
				MTL_FAST_MATH = YES;
				ONLY_ACTIVE_ARCH = YES;
				SDKROOT = iphoneos;
				SWIFT_ACTIVE_COMPILATION_CONDITIONS = "DEBUG $(inherited)";
				SWIFT_OPTIMIZATION_LEVEL = "-Onone";
			};
			name = Debug;
		};
		43CD2A472F702B1F00072E5B /* Release */ = {
			isa = XCBuildConfiguration;
			buildSettings = {
				ALWAYS_SEARCH_USER_PATHS = NO;
				ASSETCATALOG_COMPILER_GENERATE_SWIFT_ASSET_SYMBOL_EXTENSIONS = YES;
				CLANG_ANALYZER_NONNULL = YES;
				CLANG_ANALYZER_NUMBER_OBJECT_CONVERSION = YES_AGGRESSIVE;
				CLANG_CXX_LANGUAGE_STANDARD = "gnu++20";
				CLANG_ENABLE_MODULES = YES;
				CLANG_ENABLE_OBJC_ARC = YES;
				CLANG_ENABLE_OBJC_WEAK = YES;
				CLANG_WARN_BLOCK_CAPTURE_AUTORELEASING = YES;
				CLANG_WARN_BOOL_CONVERSION = YES;
				CLANG_WARN_COMMA = YES;
				CLANG_WARN_CONSTANT_CONVERSION = YES;
				CLANG_WARN_DEPRECATED_OBJC_IMPLEMENTATIONS = YES;
				CLANG_WARN_DIRECT_OBJC_ISA_USAGE = YES_ERROR;
				CLANG_WARN_DOCUMENTATION_COMMENTS = YES;
				CLANG_WARN_EMPTY_BODY = YES;
				CLANG_WARN_ENUM_CONVERSION = YES;
				CLANG_WARN_INFINITE_RECURSION = YES;
				CLANG_WARN_INT_CONVERSION = YES;
				CLANG_WARN_NON_LITERAL_NULL_CONVERSION = YES;
				CLANG_WARN_OBJC_IMPLICIT_RETAIN_SELF = YES;
				CLANG_WARN_OBJC_LITERAL_CONVERSION = YES;
				CLANG_WARN_OBJC_ROOT_CLASS = YES_ERROR;
				CLANG_WARN_QUOTED_INCLUDE_IN_FRAMEWORK_HEADER = YES;
				CLANG_WARN_RANGE_LOOP_ANALYSIS = YES;
				CLANG_WARN_STRICT_PROTOTYPES = YES;
				CLANG_WARN_SUSPICIOUS_MOVE = YES;
				CLANG_WARN_UNGUARDED_AVAILABILITY = YES_AGGRESSIVE;
				CLANG_WARN_UNREACHABLE_CODE = YES;
				CLANG_WARN__DUPLICATE_METHOD_MATCH = YES;
				COPY_PHASE_STRIP = NO;
				DEBUG_INFORMATION_FORMAT = "dwarf-with-dsym";
				ENABLE_NS_ASSERTIONS = NO;
				ENABLE_STRICT_OBJC_MSGSEND = YES;
				ENABLE_USER_SCRIPT_SANDBOXING = YES;
				GCC_C_LANGUAGE_STANDARD = gnu17;
				GCC_NO_COMMON_BLOCKS = YES;
				GCC_WARN_64_TO_32_BIT_CONVERSION = YES;
				GCC_WARN_ABOUT_RETURN_TYPE = YES_ERROR;
				GCC_WARN_UNDECLARED_SELECTOR = YES;
				GCC_WARN_UNINITIALIZED_AUTOS = YES_AGGRESSIVE;
				GCC_WARN_UNUSED_FUNCTION = YES;
				GCC_WARN_UNUSED_VARIABLE = YES;
				IPHONEOS_DEPLOYMENT_TARGET = 18.5;
				LOCALIZATION_PREFERS_STRING_CATALOGS = YES;
				MTL_ENABLE_DEBUG_INFO = NO;
				MTL_FAST_MATH = YES;
				SDKROOT = iphoneos;
				SWIFT_COMPILATION_MODE = wholemodule;
				VALIDATE_PRODUCT = YES;
			};
			name = Release;
		};
		43CD2A492F702B1F00072E5B /* Debug */ = {
			isa = XCBuildConfiguration;
			buildSettings = {
				ASSETCATALOG_COMPILER_APPICON_NAME = AppIcon;
				ASSETCATALOG_COMPILER_GLOBAL_ACCENT_COLOR_NAME = AccentColor;
				CODE_SIGN_STYLE = Automatic;
				CURRENT_PROJECT_VERSION = 1;
				ENABLE_PREVIEWS = YES;
				GENERATE_INFOPLIST_FILE = YES;
				INFOPLIST_KEY_UIApplicationSceneManifest_Generation = YES;
				INFOPLIST_KEY_UIApplicationSupportsIndirectInputEvents = YES;
				INFOPLIST_KEY_UILaunchScreen_Generation = YES;
				INFOPLIST_KEY_UISupportedInterfaceOrientations_iPad = "UIInterfaceOrientationPortrait UIInterfaceOrientationPortraitUpsideDown UIInterfaceOrientationLandscapeLeft UIInterfaceOrientationLandscapeRight";
				INFOPLIST_KEY_UISupportedInterfaceOrientations_iPhone = "UIInterfaceOrientationPortrait UIInterfaceOrientationLandscapeLeft UIInterfaceOrientationLandscapeRight";
				LD_RUNPATH_SEARCH_PATHS = (
					"$(inherited)",
					"@executable_path/Frameworks",
				);
				MARKETING_VERSION = 1.0;
				PRODUCT_BUNDLE_IDENTIFIER = "com.hackingwithSwift.WordScramble-part-two-";
				PRODUCT_NAME = "$(TARGET_NAME)";
				SWIFT_EMIT_LOC_STRINGS = YES;
				SWIFT_VERSION = 5.0;
				TARGETED_DEVICE_FAMILY = "1,2";
			};
			name = Debug;
		};
		43CD2A4A2F702B1F00072E5B /* Release */ = {
			isa = XCBuildConfiguration;
			buildSettings = {
				ASSETCATALOG_COMPILER_APPICON_NAME = AppIcon;
				ASSETCATALOG_COMPILER_GLOBAL_ACCENT_COLOR_NAME = AccentColor;
				CODE_SIGN_STYLE = Automatic;
				CURRENT_PROJECT_VERSION = 1;
				ENABLE_PREVIEWS = YES;
				GENERATE_INFOPLIST_FILE = YES;
				INFOPLIST_KEY_UIApplicationSceneManifest_Generation = YES;
				INFOPLIST_KEY_UIApplicationSupportsIndirectInputEvents = YES;
				INFOPLIST_KEY_UILaunchScreen_Generation = YES;
				INFOPLIST_KEY_UISupportedInterfaceOrientations_iPad = "UIInterfaceOrientationPortrait UIInterfaceOrientationPortraitUpsideDown UIInterfaceOrientationLandscapeLeft UIInterfaceOrientationLandscapeRight";
				INFOPLIST_KEY_UISupportedInterfaceOrientations_iPhone = "UIInterfaceOrientationPortrait UIInterfaceOrientationLandscapeLeft UIInterfaceOrientationLandscapeRight";
				LD_RUNPATH_SEARCH_PATHS = (
					"$(inherited)",
					"@executable_path/Frameworks",
				);
				MARKETING_VERSION = 1.0;
				PRODUCT_BUNDLE_IDENTIFIER = "com.hackingwithSwift.WordScramble-part-two-";
				PRODUCT_NAME = "$(TARGET_NAME)";
				SWIFT_EMIT_LOC_STRINGS = YES;
				SWIFT_VERSION = 5.0;
				TARGETED_DEVICE_FAMILY = "1,2";
			};
			name = Release;
		};
		43CD2A4C2F702B1F00072E5B /* Debug */ = {
			isa = XCBuildConfiguration;
			buildSettings = {
				BUNDLE_LOADER = "$(TEST_HOST)";
				CODE_SIGN_STYLE = Automatic;
				CURRENT_PROJECT_VERSION = 1;
				GENERATE_INFOPLIST_FILE = YES;
				IPHONEOS_DEPLOYMENT_TARGET = 18.5;
				MARKETING_VERSION = 1.0;
				PRODUCT_BUNDLE_IDENTIFIER = "com.hackingwithSwift.WordScramble-part-two-Tests";
				PRODUCT_NAME = "$(TARGET_NAME)";
				SWIFT_EMIT_LOC_STRINGS = NO;
				SWIFT_VERSION = 5.0;
				TARGETED_DEVICE_FAMILY = "1,2";
				TEST_HOST = "$(BUILT_PRODUCTS_DIR)/WordScramble(part_two).app/$(BUNDLE_EXECUTABLE_FOLDER_PATH)/WordScramble(part_two)";
			};
			name = Debug;
		};
		43CD2A4D2F702B1F00072E5B /* Release */ = {
			isa = XCBuildConfiguration;
			buildSettings = {
				BUNDLE_LOADER = "$(TEST_HOST)";
				CODE_SIGN_STYLE = Automatic;
				CURRENT_PROJECT_VERSION = 1;
				GENERATE_INFOPLIST_FILE = YES;
				IPHONEOS_DEPLOYMENT_TARGET = 18.5;
				MARKETING_VERSION = 1.0;
				PRODUCT_BUNDLE_IDENTIFIER = "com.hackingwithSwift.WordScramble-part-two-Tests";
				PRODUCT_NAME = "$(TARGET_NAME)";
				SWIFT_EMIT_LOC_STRINGS = NO;
				SWIFT_VERSION = 5.0;
				TARGETED_DEVICE_FAMILY = "1,2";
				TEST_HOST = "$(BUILT_PRODUCTS_DIR)/WordScramble(part_two).app/$(BUNDLE_EXECUTABLE_FOLDER_PATH)/WordScramble(part_two)";
			};
			name = Release;
		};
		43CD2A4F2F702B1F00072E5B /* Debug */ = {
			isa = XCBuildConfiguration;
			buildSettings = {
				CODE_SIGN_STYLE = Automatic;
				CURRENT_PROJECT_VERSION = 1;
				GENERATE_INFOPLIST_FILE = YES;
				MARKETING_VERSION = 1.0;
				PRODUCT_BUNDLE_IDENTIFIER = "com.hackingwithSwift.WordScramble-part-two-UITests";
				PRODUCT_NAME = "$(TARGET_NAME)";
				SWIFT_EMIT_LOC_STRINGS = NO;
				SWIFT_VERSION = 5.0;
				TARGETED_DEVICE_FAMILY = "1,2";
				TEST_TARGET_NAME = "WordScramble(part_two)";
			};
			name = Debug;
		};
		43CD2A502F702B1F00072E5B /* Release */ = {
			isa = XCBuildConfiguration;
			buildSettings = {
				CODE_SIGN_STYLE = Automatic;
				CURRENT_PROJECT_VERSION = 1;
				GENERATE_INFOPLIST_FILE = YES;
				MARKETING_VERSION = 1.0;
				PRODUCT_BUNDLE_IDENTIFIER = "com.hackingwithSwift.WordScramble-part-two-UITests";
				PRODUCT_NAME = "$(TARGET_NAME)";
				SWIFT_EMIT_LOC_STRINGS = NO;
				SWIFT_VERSION = 5.0;
				TARGETED_DEVICE_FAMILY = "1,2";
				TEST_TARGET_NAME = "WordScramble(part_two)";
			};
			name = Release;
		};
/* End XCBuildConfiguration section */

/* Begin XCConfigurationList section */
		43CD2A222F702B1D00072E5B /* Build configuration list for PBXProject "WordScramble(part_two)" */ = {
			isa = XCConfigurationList;
			buildConfigurations = (
				43CD2A462F702B1F00072E5B /* Debug */,
				43CD2A472F702B1F00072E5B /* Release */,
			);
			defaultConfigurationIsVisible = 0;
			defaultConfigurationName = Release;
		};
		43CD2A482F702B1F00072E5B /* Build configuration list for PBXNativeTarget "WordScramble(part_two)" */ = {
			isa = XCConfigurationList;
			buildConfigurations = (
				43CD2A492F702B1F00072E5B /* Debug */,
				43CD2A4A2F702B1F00072E5B /* Release */,
			);
			defaultConfigurationIsVisible = 0;
			defaultConfigurationName = Release;
		};
		43CD2A4B2F702B1F00072E5B /* Build configuration list for PBXNativeTarget "WordScramble(part_two)Tests" */ = {
			isa = XCConfigurationList;
			buildConfigurations = (
				43CD2A4C2F702B1F00072E5B /* Debug */,
				43CD2A4D2F702B1F00072E5B /* Release */,
			);
			defaultConfigurationIsVisible = 0;
			defaultConfigurationName = Release;
		};
		43CD2A4E2F702B1F00072E5B /* Build configuration list for PBXNativeTarget "WordScramble(part_two)UITests" */ = {
			isa = XCConfigurationList;
			buildConfigurations = (
				43CD2A4F2F702B1F00072E5B /* Debug */,
				43CD2A502F702B1F00072E5B /* Release */,
			);
			defaultConfigurationIsVisible = 0;
			defaultConfigurationName = Release;
		};
/* End XCConfigurationList section */
	};
	rootObject = 43CD2A1F2F702B1D00072E5B /* Project object */;
}
